
Microsoft Visual Studio Solution File, Format Version 12.00
# Visual Studio Version 16
VisualStudioVersion = 16.0.29709.97
MinimumVisualStudioVersion = 10.0.40219.1
Project("{FAE04EC0-301F-11D3-BF4B-00C04F79EFBC}") = "RSS_DB", "RSS_DB.csproj", "{649BFCA1-B807-40EF-B2DD-9314C8C0A32B}"
EndProject
Global
	GlobalSection(SolutionConfigurationPlatforms) = preSolution
		Debug|Any CPU = Debug|Any CPU
		Release|Any CPU = Release|Any CPU
	EndGlobalSection
	GlobalSection(ProjectConfigurationPlatforms) = postSolution
		{649BFCA1-B807-40EF-B2DD-9314C8C0A32B}.Debug|Any CPU.ActiveCfg = Debug|Any CPU
		{649BFCA1-B807-40EF-B2DD-9314C8C0A32B}.Debug|Any CPU.Build.0 = Debug|Any CPU
		{649BFCA1-B807-40EF-B2DD-9314C8C0A32B}.Release|Any CPU.ActiveCfg = Release|Any CPU
		{649BFCA1-B807-40EF-B2DD-9314C8C0A32B}.Release|Any CPU.Build.0 = Release|Any CPU
	EndGlobalSection
	GlobalSection(SolutionProperties) = preSolution
		HideSolutionNode = FALSE
	EndGlobalSection
	GlobalSection(ExtensibilityGlobals) = postSolution
		SolutionGuid = {F2B3F5C8-FD21-44D0-8AEA-792F10924CA5}
	EndGlobalSection
EndGlobal
